
Microsoft Visual Studio Solution File, Format Version 12.00
# Visual Studio Version 17
VisualStudioVersion = 17.0.31903.59
MinimumVisualStudioVersion = 10.0.40219.1
Project("{FAE04EC0-301F-11D3-BF4B-00C04F79EFBC}") = "Onyx.Core", "Onyx.Core\Onyx.Core.csproj", "{562AD6C7-A6EB-4D0D-9E76-AE87DA2985F8}"
EndProject
Project("{FAE04EC0-301F-11D3-BF4B-00C04F79EFBC}") = "Onyx.Tests", "Onyx.Tests\Onyx.Tests.csproj", "{9A0F7374-DC19-42EF-9715-6A516F15F059}"
EndProject
Project("{FAE04EC0-301F-11D3-BF4B-00C04F79EFBC}") = "Onyx", "Onyx\Onyx.csproj", "{83292500-FB61-4BED-AC9A-AC568B9DC213}"
EndProject
Project("{FAE04EC0-301F-11D3-BF4B-00C04F79EFBC}") = "Onyx.Ui.Tests", "Onyx.Ui.Tests\Onyx.Ui.Tests.csproj", "{5F918FE8-670E-4647-A544-43C883D70E2E}"
EndProject
Global
	GlobalSection(SolutionConfigurationPlatforms) = preSolution
		Debug|Any CPU = Debug|Any CPU
		Release|Any CPU = Release|Any CPU
	EndGlobalSection
	GlobalSection(SolutionProperties) = preSolution
		HideSolutionNode = FALSE
	EndGlobalSection
	GlobalSection(ProjectConfigurationPlatforms) = postSolution
		{562AD6C7-A6EB-4D0D-9E76-AE87DA2985F8}.Debug|Any CPU.ActiveCfg = Debug|Any CPU
		{562AD6C7-A6EB-4D0D-9E76-AE87DA2985F8}.Debug|Any CPU.Build.0 = Debug|Any CPU
		{562AD6C7-A6EB-4D0D-9E76-AE87DA2985F8}.Release|Any CPU.ActiveCfg = Release|Any CPU
		{562AD6C7-A6EB-4D0D-9E76-AE87DA2985F8}.Release|Any CPU.Build.0 = Release|Any CPU
		{9A0F7374-DC19-42EF-9715-6A516F15F059}.Debug|Any CPU.ActiveCfg = Debug|Any CPU
		{9A0F7374-DC19-42EF-9715-6A516F15F059}.Debug|Any CPU.Build.0 = Debug|Any CPU
		{9A0F7374-DC19-42EF-9715-6A516F15F059}.Release|Any CPU.ActiveCfg = Release|Any CPU
		{9A0F7374-DC19-42EF-9715-6A516F15F059}.Release|Any CPU.Build.0 = Release|Any CPU
		{83292500-FB61-4BED-AC9A-AC568B9DC213}.Debug|Any CPU.ActiveCfg = Debug|Any CPU
		{83292500-FB61-4BED-AC9A-AC568B9DC213}.Debug|Any CPU.Build.0 = Debug|Any CPU
		{83292500-FB61-4BED-AC9A-AC568B9DC213}.Release|Any CPU.ActiveCfg = Release|Any CPU
		{83292500-FB61-4BED-AC9A-AC568B9DC213}.Release|Any CPU.Build.0 = Release|Any CPU
		{5F918FE8-670E-4647-A544-43C883D70E2E}.Debug|Any CPU.ActiveCfg = Debug|Any CPU
		{5F918FE8-670E-4647-A544-43C883D70E2E}.Debug|Any CPU.Build.0 = Debug|Any CPU
		{5F918FE8-670E-4647-A544-43C883D70E2E}.Release|Any CPU.ActiveCfg = Release|Any CPU
		{5F918FE8-670E-4647-A544-43C883D70E2E}.Release|Any CPU.Build.0 = Release|Any CPU
	EndGlobalSection
EndGlobal
